// !$*UTF8*$!
{
	archiveVersion = 1;
	classes = {
	};
	objectVersion = 46;
	objects = {

/* Begin PBXBuildFile section */
		5B7AF14921BC416A7B1DE0EB /* libPods-WindowTimersTests.a in Frameworks */ = {isa = PBXBuildFile; fileRef = 47D76CC6BC0070835B775F62 /* libPods-WindowTimersTests.a */; };
		C753E220F5F1B75FB03B583B /* WindowTimers.h in Headers */ = {isa = PBXBuildFile; fileRef = C753E2D8DD64BEE6DCC955CC /* WindowTimers.h */; };
		C753E643C9D5FCF3B2B54E7D /* WindowTimers.m in Sources */ = {isa = PBXBuildFile; fileRef = C753E4E1553FE3603586AC5C /* WindowTimers.m */; };
		C753E774542FED38032C7FF4 /* WindowTimers.framework in Frameworks */ = {isa = PBXBuildFile; fileRef = C753EA18C611B403DA401B9B /* WindowTimers.framework */; };
		C753E9C7F262E4CB1ACDAC39 /* Podfile in Resources */ = {isa = PBXBuildFile; fileRef = C753EA3AF42BC0630D4EDA29 /* Podfile */; };
		C753EAB9D822C2C7415D0C62 /* WindowTimersTests.m in Sources */ = {isa = PBXBuildFile; fileRef = C753E50A79DC542A52720C43 /* WindowTimersTests.m */; };
		C753EC73DF1963FB09D5D503 /* LICENSE in Resources */ = {isa = PBXBuildFile; fileRef = C753E9A46E0EB9D3FDF4854C /* LICENSE */; };
		C753EF5D3032B13DC2793437 /* README.md in Resources */ = {isa = PBXBuildFile; fileRef = C753E0EFA0814B3CF22F557E /* README.md */; };
/* End PBXBuildFile section */

/* Begin PBXContainerItemProxy section */
		C753E475268030F081E7318E /* PBXContainerItemProxy */ = {
			isa = PBXContainerItemProxy;
			containerPortal = C753ECE6FE3990EB437B7C7B /* Project object */;
			proxyType = 1;
			remoteGlobalIDString = C753E37191BA10FCC8DF3277;
			remoteInfo = WindowTimers;
		};
/* End PBXContainerItemProxy section */

/* Begin PBXFileReference section */
		39486674FDBF81FCC14C4092 /* Pods-WindowTimersTests.release.xcconfig */ = {isa = PBXFileReference; includeInIndex = 1; lastKnownFileType = text.xcconfig; name = "Pods-WindowTimersTests.release.xcconfig"; path = "Pods/Target Support Files/Pods-WindowTimersTests/Pods-WindowTimersTests.release.xcconfig"; sourceTree = "<group>"; };
		47D76CC6BC0070835B775F62 /* libPods-WindowTimersTests.a */ = {isa = PBXFileReference; explicitFileType = archive.ar; includeInIndex = 0; path = "libPods-WindowTimersTests.a"; sourceTree = BUILT_PRODUCTS_DIR; };
		A17148DC4EDEFE8052CAFBFF /* Pods-WindowTimersTests.debug.xcconfig */ = {isa = PBXFileReference; includeInIndex = 1; lastKnownFileType = text.xcconfig; name = "Pods-WindowTimersTests.debug.xcconfig"; path = "Pods/Target Support Files/Pods-WindowTimersTests/Pods-WindowTimersTests.debug.xcconfig"; sourceTree = "<group>"; };
		C753E0EFA0814B3CF22F557E /* README.md */ = {isa = PBXFileReference; lastKnownFileType = file.md; path = README.md; sourceTree = "<group>"; };
		C753E1B49AFDDBD622F0ED9C /* Info.plist */ = {isa = PBXFileReference; lastKnownFileType = text.plist.info; path = Info.plist; sourceTree = "<group>"; };
		C753E29542037C85D6323AF3 /* WindowTimersTests.xctest */ = {isa = PBXFileReference; explicitFileType = wrapper.cfbundle; includeInIndex = 0; path = WindowTimersTests.xctest; sourceTree = BUILT_PRODUCTS_DIR; };
		C753E2D8DD64BEE6DCC955CC /* WindowTimers.h */ = {isa = PBXFileReference; lastKnownFileType = sourcecode.c.h; path = WindowTimers.h; sourceTree = "<group>"; };
		C753E4E1553FE3603586AC5C /* WindowTimers.m */ = {isa = PBXFileReference; fileEncoding = 4; lastKnownFileType = sourcecode.c.objc; path = WindowTimers.m; sourceTree = "<group>"; };
		C753E50A79DC542A52720C43 /* WindowTimersTests.m */ = {isa = PBXFileReference; lastKnownFileType = sourcecode.c.objc; path = WindowTimersTests.m; sourceTree = "<group>"; };
		C753E9A46E0EB9D3FDF4854C /* LICENSE */ = {isa = PBXFileReference; fileEncoding = 4; lastKnownFileType = text; path = LICENSE; sourceTree = "<group>"; };
		C753EA18C611B403DA401B9B /* WindowTimers.framework */ = {isa = PBXFileReference; explicitFileType = wrapper.framework; includeInIndex = 0; path = WindowTimers.framework; sourceTree = BUILT_PRODUCTS_DIR; };
		C753EA3AF42BC0630D4EDA29 /* Podfile */ = {isa = PBXFileReference; fileEncoding = 4; lastKnownFileType = text; path = Podfile; sourceTree = "<group>"; };
		C753ED0CBF80A070E44E1D29 /* Info.plist */ = {isa = PBXFileReference; lastKnownFileType = text.plist.info; path = Info.plist; sourceTree = "<group>"; };
/* End PBXFileReference section */

/* Begin PBXFrameworksBuildPhase section */
		C753E0DD6A7B4B949DA329A8 /* Frameworks */ = {
			isa = PBXFrameworksBuildPhase;
			buildActionMask = 2147483647;
			files = (
				C753E774542FED38032C7FF4 /* WindowTimers.framework in Frameworks */,
				5B7AF14921BC416A7B1DE0EB /* libPods-WindowTimersTests.a in Frameworks */,
			);
			runOnlyForDeploymentPostprocessing = 0;
		};
		C753E4A3E0A02443992EA643 /* Frameworks */ = {
			isa = PBXFrameworksBuildPhase;
			buildActionMask = 2147483647;
			files = (
			);
			runOnlyForDeploymentPostprocessing = 0;
		};
/* End PBXFrameworksBuildPhase section */

/* Begin PBXGroup section */
		1D04E3B9B57759E62D77E54C /* Frameworks */ = {
			isa = PBXGroup;
			children = (
				47D76CC6BC0070835B775F62 /* libPods-WindowTimersTests.a */,
			);
			name = Frameworks;
			sourceTree = "<group>";
		};
		C20D0001D329376893897BC0 /* Pods */ = {
			isa = PBXGroup;
			children = (
				A17148DC4EDEFE8052CAFBFF /* Pods-WindowTimersTests.debug.xcconfig */,
				39486674FDBF81FCC14C4092 /* Pods-WindowTimersTests.release.xcconfig */,
			);
			name = Pods;
			sourceTree = "<group>";
		};
		C753E257828504EF6C0B7278 /* Products */ = {
			isa = PBXGroup;
			children = (
				C753EA18C611B403DA401B9B /* WindowTimers.framework */,
				C753E29542037C85D6323AF3 /* WindowTimersTests.xctest */,
			);
			name = Products;
			sourceTree = "<group>";
		};
		C753E32D998451F8432896C0 /* WindowTimersTests */ = {
			isa = PBXGroup;
			children = (
				C753EEDBD389202394941691 /* Supporting Files */,
				C753E50A79DC542A52720C43 /* WindowTimersTests.m */,
			);
			path = WindowTimersTests;
			sourceTree = "<group>";
		};
		C753E43698145FB080E55444 /* WindowTimers */ = {
			isa = PBXGroup;
			children = (
				C753E7642236671523C264BB /* Supporting Files */,
				C753E2D8DD64BEE6DCC955CC /* WindowTimers.h */,
				C753E4E1553FE3603586AC5C /* WindowTimers.m */,
			);
			path = WindowTimers;
			sourceTree = "<group>";
		};
		C753E7642236671523C264BB /* Supporting Files */ = {
			isa = PBXGroup;
			children = (
				C753ED0CBF80A070E44E1D29 /* Info.plist */,
			);
			name = "Supporting Files";
			sourceTree = "<group>";
		};
		C753EE0FC3E637F2AD96F881 = {
			isa = PBXGroup;
			children = (
				C753E257828504EF6C0B7278 /* Products */,
				C753E43698145FB080E55444 /* WindowTimers */,
				C753E32D998451F8432896C0 /* WindowTimersTests */,
				C753EA3AF42BC0630D4EDA29 /* Podfile */,
				C20D0001D329376893897BC0 /* Pods */,
				1D04E3B9B57759E62D77E54C /* Frameworks */,
				C753E9A46E0EB9D3FDF4854C /* LICENSE */,
				C753E0EFA0814B3CF22F557E /* README.md */,
			);
			sourceTree = "<group>";
		};
		C753EEDBD389202394941691 /* Supporting Files */ = {
			isa = PBXGroup;
			children = (
				C753E1B49AFDDBD622F0ED9C /* Info.plist */,
			);
			name = "Supporting Files";
			sourceTree = "<group>";
		};
/* End PBXGroup section */

/* Begin PBXHeadersBuildPhase section */
		C753EC0FC0831162F1D785E0 /* Headers */ = {
			isa = PBXHeadersBuildPhase;
			buildActionMask = 2147483647;
			files = (
				C753E220F5F1B75FB03B583B /* WindowTimers.h in Headers */,
			);
			runOnlyForDeploymentPostprocessing = 0;
		};
/* End PBXHeadersBuildPhase section */

/* Begin PBXNativeTarget section */
		C753E37191BA10FCC8DF3277 /* WindowTimers */ = {
			isa = PBXNativeTarget;
			buildConfigurationList = C753E62B034BFD3C0DB00F86 /* Build configuration list for PBXNativeTarget "WindowTimers" */;
			buildPhases = (
				C753E1C7206A5581865EE9B6 /* Sources */,
				C753E4A3E0A02443992EA643 /* Frameworks */,
				C753EC0FC0831162F1D785E0 /* Headers */,
				C753E5C0D92B95A9A14FF857 /* Resources */,
			);
			buildRules = (
			);
			dependencies = (
			);
			name = WindowTimers;
			productName = WindowTimers;
			productReference = C753EA18C611B403DA401B9B /* WindowTimers.framework */;
			productType = "com.apple.product-type.framework";
		};
		C753E40C311BF2E17025A65C /* WindowTimersTests */ = {
			isa = PBXNativeTarget;
			buildConfigurationList = C753E8F4F5AD1C96F2536F38 /* Build configuration list for PBXNativeTarget "WindowTimersTests" */;
			buildPhases = (
				40EBAE6FEE909671A33EF53C /* Check Pods Manifest.lock */,
				C753E90FD636EE4CABAA5C17 /* Sources */,
				C753E0DD6A7B4B949DA329A8 /* Frameworks */,
				C753E35E77010F9B5D6E5FBD /* Resources */,
				CF824F261382BF12F4CC4A3A /* Copy Pods Resources */,
			);
			buildRules = (
			);
			dependencies = (
				C753E9978BF6D11DEBC85C71 /* PBXTargetDependency */,
			);
			name = WindowTimersTests;
			productName = WindowTimersTests;
			productReference = C753E29542037C85D6323AF3 /* WindowTimersTests.xctest */;
			productType = "com.apple.product-type.bundle.unit-test";
		};
/* End PBXNativeTarget section */

/* Begin PBXProject section */
		C753ECE6FE3990EB437B7C7B /* Project object */ = {
			isa = PBXProject;
			attributes = {
				ORGANIZATIONNAME = "Lukas Stührk";
			};
			buildConfigurationList = C753EECE69616EE407D31D65 /* Build configuration list for PBXProject "WindowTimers" */;
			compatibilityVersion = "Xcode 3.2";
			developmentRegion = English;
			hasScannedForEncodings = 0;
			knownRegions = (
				en,
			);
			mainGroup = C753EE0FC3E637F2AD96F881;
			productRefGroup = C753E257828504EF6C0B7278 /* Products */;
			projectDirPath = "";
			projectReferences = (
			);
			projectRoot = "";
			targets = (
				C753E37191BA10FCC8DF3277 /* WindowTimers */,
				C753E40C311BF2E17025A65C /* WindowTimersTests */,
			);
		};
/* End PBXProject section */

/* Begin PBXResourcesBuildPhase section */
		C753E35E77010F9B5D6E5FBD /* Resources */ = {
			isa = PBXResourcesBuildPhase;
			buildActionMask = 2147483647;
			files = (
			);
			runOnlyForDeploymentPostprocessing = 0;
		};
		C753E5C0D92B95A9A14FF857 /* Resources */ = {
			isa = PBXResourcesBuildPhase;
			buildActionMask = 2147483647;
			files = (
				C753E9C7F262E4CB1ACDAC39 /* Podfile in Resources */,
				C753EC73DF1963FB09D5D503 /* LICENSE in Resources */,
				C753EF5D3032B13DC2793437 /* README.md in Resources */,
			);
			runOnlyForDeploymentPostprocessing = 0;
		};
/* End PBXResourcesBuildPhase section */

/* Begin PBXShellScriptBuildPhase section */
		40EBAE6FEE909671A33EF53C /* Check Pods Manifest.lock */ = {
			isa = PBXShellScriptBuildPhase;
			buildActionMask = 2147483647;
			files = (
			);
			inputPaths = (
			);
			name = "Check Pods Manifest.lock";
			outputPaths = (
			);
			runOnlyForDeploymentPostprocessing = 0;
			shellPath = /bin/sh;
			shellScript = "diff \"${PODS_ROOT}/../Podfile.lock\" \"${PODS_ROOT}/Manifest.lock\" > /dev/null\nif [[ $? != 0 ]] ; then\n    cat << EOM\nerror: The sandbox is not in sync with the Podfile.lock. Run 'pod install' or update your CocoaPods installation.\nEOM\n    exit 1\nfi\n";
			showEnvVarsInLog = 0;
		};
		CF824F261382BF12F4CC4A3A /* Copy Pods Resources */ = {
			isa = PBXShellScriptBuildPhase;
			buildActionMask = 2147483647;
			files = (
			);
			inputPaths = (
			);
			name = "Copy Pods Resources";
			outputPaths = (
			);
			runOnlyForDeploymentPostprocessing = 0;
			shellPath = /bin/sh;
			shellScript = "\"${SRCROOT}/Pods/Target Support Files/Pods-WindowTimersTests/Pods-WindowTimersTests-resources.sh\"\n";
			showEnvVarsInLog = 0;
		};
/* End PBXShellScriptBuildPhase section */

/* Begin PBXSourcesBuildPhase section */
		C753E1C7206A5581865EE9B6 /* Sources */ = {
			isa = PBXSourcesBuildPhase;
			buildActionMask = 2147483647;
			files = (
				C753E643C9D5FCF3B2B54E7D /* WindowTimers.m in Sources */,
			);
			runOnlyForDeploymentPostprocessing = 0;
		};
		C753E90FD636EE4CABAA5C17 /* Sources */ = {
			isa = PBXSourcesBuildPhase;
			buildActionMask = 2147483647;
			files = (
				C753EAB9D822C2C7415D0C62 /* WindowTimersTests.m in Sources */,
			);
			runOnlyForDeploymentPostprocessing = 0;
		};
/* End PBXSourcesBuildPhase section */

/* Begin PBXTargetDependency section */
		C753E9978BF6D11DEBC85C71 /* PBXTargetDependency */ = {
			isa = PBXTargetDependency;
			target = C753E37191BA10FCC8DF3277 /* WindowTimers */;
			targetProxy = C753E475268030F081E7318E /* PBXContainerItemProxy */;
		};
/* End PBXTargetDependency section */

/* Begin XCBuildConfiguration section */
		C753E1E3E7AFEA98C8F28CA5 /* Debug */ = {
			isa = XCBuildConfiguration;
			buildSettings = {
				ALWAYS_SEARCH_USER_PATHS = NO;
				CLANG_CXX_LANGUAGE_STANDARD = "gnu++0x";
				CLANG_CXX_LIBRARY = "libc++";
				CLANG_ENABLE_MODULES = YES;
				CLANG_ENABLE_OBJC_ARC = YES;
				CLANG_WARN_BOOL_CONVERSION = YES;
				CLANG_WARN_CONSTANT_CONVERSION = YES;
				CLANG_WARN_DIRECT_OBJC_ISA_USAGE = YES_ERROR;
				CLANG_WARN_EMPTY_BODY = YES;
				CLANG_WARN_ENUM_CONVERSION = YES;
				CLANG_WARN_INT_CONVERSION = YES;
				CLANG_WARN_OBJC_ROOT_CLASS = YES_ERROR;
				CLANG_WARN_UNREACHABLE_CODE = YES;
				CLANG_WARN__DUPLICATE_METHOD_MATCH = YES;
				"CODE_SIGN_IDENTITY[sdk=iphoneos*]" = "iPhone Developer";
				COPY_PHASE_STRIP = NO;
				CURRENT_PROJECT_VERSION = 1;
				ENABLE_STRICT_OBJC_MSGSEND = YES;
				GCC_C_LANGUAGE_STANDARD = gnu99;
				GCC_DYNAMIC_NO_PIC = NO;
				GCC_OPTIMIZATION_LEVEL = 0;
				GCC_PREPROCESSOR_DEFINITIONS = (
					"DEBUG=1",
					"$(inherited)",
				);
				GCC_SYMBOLS_PRIVATE_EXTERN = NO;
				GCC_WARN_64_TO_32_BIT_CONVERSION = YES;
				GCC_WARN_ABOUT_RETURN_TYPE = YES_ERROR;
				GCC_WARN_UNDECLARED_SELECTOR = YES;
				GCC_WARN_UNINITIALIZED_AUTOS = YES_AGGRESSIVE;
				GCC_WARN_UNUSED_FUNCTION = YES;
				GCC_WARN_UNUSED_VARIABLE = YES;
				IPHONEOS_DEPLOYMENT_TARGET = 8.1;
				MTL_ENABLE_DEBUG_INFO = YES;
				ONLY_ACTIVE_ARCH = YES;
				SDKROOT = iphoneos;
				TARGETED_DEVICE_FAMILY = "1,2";
				VERSIONING_SYSTEM = "apple-generic";
				VERSION_INFO_PREFIX = "";
			};
			name = Debug;
		};
		C753E6D06095A6AB75A5B635 /* Debug */ = {
			isa = XCBuildConfiguration;
			baseConfigurationReference = A17148DC4EDEFE8052CAFBFF /* Pods-WindowTimersTests.debug.xcconfig */;
			buildSettings = {
				FRAMEWORK_SEARCH_PATHS = (
					"$(SDKROOT)/Developer/Library/Frameworks",
					"$(inherited)",
				);
				INFOPLIST_FILE = WindowTimersTests/Info.plist;
				LD_RUNPATH_SEARCH_PATHS = "$(inherited) @executable_path/Frameworks @loader_path/Frameworks";
				PRODUCT_NAME = "$(TARGET_NAME)";
			};
			name = Debug;
		};
		C753E6FEB8426AE0CD14C879 /* Release */ = {
			isa = XCBuildConfiguration;
			baseConfigurationReference = 39486674FDBF81FCC14C4092 /* Pods-WindowTimersTests.release.xcconfig */;
			buildSettings = {
				FRAMEWORK_SEARCH_PATHS = (
					"$(SDKROOT)/Developer/Library/Frameworks",
					"$(inherited)",
				);
				INFOPLIST_FILE = WindowTimersTests/Info.plist;
				LD_RUNPATH_SEARCH_PATHS = "$(inherited) @executable_path/Frameworks @loader_path/Frameworks";
				PRODUCT_NAME = "$(TARGET_NAME)";
			};
			name = Release;
		};
		C753E9006C779793ADFCD45A /* Release */ = {
			isa = XCBuildConfiguration;
			buildSettings = {
				ALWAYS_SEARCH_USER_PATHS = NO;
				CLANG_CXX_LANGUAGE_STANDARD = "gnu++0x";
				CLANG_CXX_LIBRARY = "libc++";
				CLANG_ENABLE_MODULES = YES;
				CLANG_ENABLE_OBJC_ARC = YES;
				CLANG_WARN_BOOL_CONVERSION = YES;
				CLANG_WARN_CONSTANT_CONVERSION = YES;
				CLANG_WARN_DIRECT_OBJC_ISA_USAGE = YES_ERROR;
				CLANG_WARN_EMPTY_BODY = YES;
				CLANG_WARN_ENUM_CONVERSION = YES;
				CLANG_WARN_INT_CONVERSION = YES;
				CLANG_WARN_OBJC_ROOT_CLASS = YES_ERROR;
				CLANG_WARN_UNREACHABLE_CODE = YES;
				CLANG_WARN__DUPLICATE_METHOD_MATCH = YES;
				"CODE_SIGN_IDENTITY[sdk=iphoneos*]" = "iPhone Developer";
				COPY_PHASE_STRIP = YES;
				CURRENT_PROJECT_VERSION = 1;
				ENABLE_NS_ASSERTIONS = NO;
				ENABLE_STRICT_OBJC_MSGSEND = YES;
				GCC_C_LANGUAGE_STANDARD = gnu99;
				GCC_WARN_64_TO_32_BIT_CONVERSION = YES;
				GCC_WARN_ABOUT_RETURN_TYPE = YES_ERROR;
				GCC_WARN_UNDECLARED_SELECTOR = YES;
				GCC_WARN_UNINITIALIZED_AUTOS = YES_AGGRESSIVE;
				GCC_WARN_UNUSED_FUNCTION = YES;
				GCC_WARN_UNUSED_VARIABLE = YES;
				IPHONEOS_DEPLOYMENT_TARGET = 8.1;
				MTL_ENABLE_DEBUG_INFO = NO;
				SDKROOT = iphoneos;
				TARGETED_DEVICE_FAMILY = "1,2";
				VALIDATE_PRODUCT = YES;
				VERSIONING_SYSTEM = "apple-generic";
				VERSION_INFO_PREFIX = "";
			};
			name = Release;
		};
		C753EC3AB11EDC4C6E17A317 /* Debug */ = {
			isa = XCBuildConfiguration;
			buildSettings = {
				DEFINES_MODULE = YES;
				DYLIB_COMPATIBILITY_VERSION = 1;
				DYLIB_CURRENT_VERSION = 1;
				DYLIB_INSTALL_NAME_BASE = "@rpath";
				INFOPLIST_FILE = WindowTimers/Info.plist;
				INSTALL_PATH = "$(LOCAL_LIBRARY_DIR)/Frameworks";
				LD_RUNPATH_SEARCH_PATHS = "$(inherited) @executable_path/Frameworks @loader_path/Frameworks";
				PRODUCT_NAME = "$(TARGET_NAME)";
				SKIP_INSTALL = YES;
			};
			name = Debug;
		};
		C753EFFBF51036FB49F3507C /* Release */ = {
			isa = XCBuildConfiguration;
			buildSettings = {
				DEFINES_MODULE = YES;
				DYLIB_COMPATIBILITY_VERSION = 1;
				DYLIB_CURRENT_VERSION = 1;
				DYLIB_INSTALL_NAME_BASE = "@rpath";
				INFOPLIST_FILE = WindowTimers/Info.plist;
				INSTALL_PATH = "$(LOCAL_LIBRARY_DIR)/Frameworks";
				LD_RUNPATH_SEARCH_PATHS = "$(inherited) @executable_path/Frameworks @loader_path/Frameworks";
				PRODUCT_NAME = "$(TARGET_NAME)";
				SKIP_INSTALL = YES;
			};
			name = Release;
		};
/* End XCBuildConfiguration section */

/* Begin XCConfigurationList section */
		C753E62B034BFD3C0DB00F86 /* Build configuration list for PBXNativeTarget "WindowTimers" */ = {
			isa = XCConfigurationList;
			buildConfigurations = (
				C753EC3AB11EDC4C6E17A317 /* Debug */,
				C753EFFBF51036FB49F3507C /* Release */,
			);
			defaultConfigurationIsVisible = 0;
		};
		C753E8F4F5AD1C96F2536F38 /* Build configuration list for PBXNativeTarget "WindowTimersTests" */ = {
			isa = XCConfigurationList;
			buildConfigurations = (
				C753E6D06095A6AB75A5B635 /* Debug */,
				C753E6FEB8426AE0CD14C879 /* Release */,
			);
			defaultConfigurationIsVisible = 0;
		};
		C753EECE69616EE407D31D65 /* Build configuration list for PBXProject "WindowTimers" */ = {
			isa = XCConfigurationList;
			buildConfigurations = (
				C753E1E3E7AFEA98C8F28CA5 /* Debug */,
				C753E9006C779793ADFCD45A /* Release */,
			);
			defaultConfigurationIsVisible = 0;
			defaultConfigurationName = Release;
		};
/* End XCConfigurationList section */
	};
	rootObject = C753ECE6FE3990EB437B7C7B /* Project object */;
}
